
Microsoft Visual Studio Solution File, Format Version 12.00
Project("{FAE04EC0-301F-11D3-BF4B-00C04F79EFBC}") = "Bookstore.Api", "Bookstore.Api\Bookstore.Api.csproj", "{6D09FA11-1BBA-4489-8D11-3FD228B9A21F}"
EndProject
Project("{FAE04EC0-301F-11D3-BF4B-00C04F79EFBC}") = "Book.Application", "Book.Application\Book.Application.csproj", "{31D758F7-501D-431B-8F04-08599233CBF6}"
EndProject
Project("{FAE04EC0-301F-11D3-BF4B-00C04F79EFBC}") = "Book.Domain", "Book.Domain\Book.Domain.csproj", "{85E30058-5AD8-4F07-9B25-51E43B489488}"
EndProject
Project("{FAE04EC0-301F-11D3-BF4B-00C04F79EFBC}") = "Book.Infrastructure", "Book.Infrastructure\Book.Infrastructure.csproj", "{B02F568B-2745-49C4-A71E-ACB4CD02F945}"
EndProject
Project("{FAE04EC0-301F-11D3-BF4B-00C04F79EFBC}") = "Order.Application", "Order.Application\Order.Application.csproj", "{DC8FB08C-B038-4C90-89AC-DF2EEB2C4861}"
EndProject
Project("{FAE04EC0-301F-11D3-BF4B-00C04F79EFBC}") = "Order.Domain", "Order.Domain\Order.Domain.csproj", "{17F28D6E-FE81-4940-83DD-57668F933AF1}"
EndProject
Project("{FAE04EC0-301F-11D3-BF4B-00C04F79EFBC}") = "Order.Infrastructure", "Order.Infrastructure\Order.Infrastructure.csproj", "{E3D21361-921F-465F-8C1B-8C3E3E1512CB}"
EndProject
Project("{2150E333-8FDC-42A3-9474-1A3956D46DE8}") = "Book", "Book", "{6A527B2D-2097-4C94-81BC-09424705F4A8}"
EndProject
Project("{2150E333-8FDC-42A3-9474-1A3956D46DE8}") = "Order", "Order", "{A4705EE1-4E04-4667-8B0E-2A9E9850035A}"
EndProject
Project("{2150E333-8FDC-42A3-9474-1A3956D46DE8}") = "Saga", "Saga", "{6D03CB59-EDF3-4D3A-8333-A9A2538F7590}"
EndProject
Project("{FAE04EC0-301F-11D3-BF4B-00C04F79EFBC}") = "Saga.Application", "Saga.Application\Saga.Application.csproj", "{59239B18-FB67-4B94-BA45-651BD9756989}"
EndProject
Project("{FAE04EC0-301F-11D3-BF4B-00C04F79EFBC}") = "Book.UnitTests", "Book.UnitTests\Book.UnitTests.csproj", "{7D22B0B7-846B-4F48-AC48-AA222C6B76EE}"
EndProject
Project("{FAE04EC0-301F-11D3-BF4B-00C04F79EFBC}") = "Order.UnitTests", "Order.UnitTests\Order.UnitTests.csproj", "{6E8154C6-B3B7-4099-8454-0853B6424131}"
EndProject
Project("{FAE04EC0-301F-11D3-BF4B-00C04F79EFBC}") = "Saga.UnitTests", "Saga.UnitTests\Saga.UnitTests.csproj", "{91557820-3C80-4EB9-BC86-C51E502B28E2}"
EndProject
Global
	GlobalSection(SolutionConfigurationPlatforms) = preSolution
		Debug|Any CPU = Debug|Any CPU
		Release|Any CPU = Release|Any CPU
	EndGlobalSection
	GlobalSection(ProjectConfigurationPlatforms) = postSolution
		{6D09FA11-1BBA-4489-8D11-3FD228B9A21F}.Debug|Any CPU.ActiveCfg = Debug|Any CPU
		{6D09FA11-1BBA-4489-8D11-3FD228B9A21F}.Debug|Any CPU.Build.0 = Debug|Any CPU
		{6D09FA11-1BBA-4489-8D11-3FD228B9A21F}.Release|Any CPU.ActiveCfg = Release|Any CPU
		{6D09FA11-1BBA-4489-8D11-3FD228B9A21F}.Release|Any CPU.Build.0 = Release|Any CPU
		{31D758F7-501D-431B-8F04-08599233CBF6}.Debug|Any CPU.ActiveCfg = Debug|Any CPU
		{31D758F7-501D-431B-8F04-08599233CBF6}.Debug|Any CPU.Build.0 = Debug|Any CPU
		{31D758F7-501D-431B-8F04-08599233CBF6}.Release|Any CPU.ActiveCfg = Release|Any CPU
		{31D758F7-501D-431B-8F04-08599233CBF6}.Release|Any CPU.Build.0 = Release|Any CPU
		{85E30058-5AD8-4F07-9B25-51E43B489488}.Debug|Any CPU.ActiveCfg = Debug|Any CPU
		{85E30058-5AD8-4F07-9B25-51E43B489488}.Debug|Any CPU.Build.0 = Debug|Any CPU
		{85E30058-5AD8-4F07-9B25-51E43B489488}.Release|Any CPU.ActiveCfg = Release|Any CPU
		{85E30058-5AD8-4F07-9B25-51E43B489488}.Release|Any CPU.Build.0 = Release|Any CPU
		{B02F568B-2745-49C4-A71E-ACB4CD02F945}.Debug|Any CPU.ActiveCfg = Debug|Any CPU
		{B02F568B-2745-49C4-A71E-ACB4CD02F945}.Debug|Any CPU.Build.0 = Debug|Any CPU
		{B02F568B-2745-49C4-A71E-ACB4CD02F945}.Release|Any CPU.ActiveCfg = Release|Any CPU
		{B02F568B-2745-49C4-A71E-ACB4CD02F945}.Release|Any CPU.Build.0 = Release|Any CPU
		{DC8FB08C-B038-4C90-89AC-DF2EEB2C4861}.Debug|Any CPU.ActiveCfg = Debug|Any CPU
		{DC8FB08C-B038-4C90-89AC-DF2EEB2C4861}.Debug|Any CPU.Build.0 = Debug|Any CPU
		{DC8FB08C-B038-4C90-89AC-DF2EEB2C4861}.Release|Any CPU.ActiveCfg = Release|Any CPU
		{DC8FB08C-B038-4C90-89AC-DF2EEB2C4861}.Release|Any CPU.Build.0 = Release|Any CPU
		{17F28D6E-FE81-4940-83DD-57668F933AF1}.Debug|Any CPU.ActiveCfg = Debug|Any CPU
		{17F28D6E-FE81-4940-83DD-57668F933AF1}.Debug|Any CPU.Build.0 = Debug|Any CPU
		{17F28D6E-FE81-4940-83DD-57668F933AF1}.Release|Any CPU.ActiveCfg = Release|Any CPU
		{17F28D6E-FE81-4940-83DD-57668F933AF1}.Release|Any CPU.Build.0 = Release|Any CPU
		{E3D21361-921F-465F-8C1B-8C3E3E1512CB}.Debug|Any CPU.ActiveCfg = Debug|Any CPU
		{E3D21361-921F-465F-8C1B-8C3E3E1512CB}.Debug|Any CPU.Build.0 = Debug|Any CPU
		{E3D21361-921F-465F-8C1B-8C3E3E1512CB}.Release|Any CPU.ActiveCfg = Release|Any CPU
		{E3D21361-921F-465F-8C1B-8C3E3E1512CB}.Release|Any CPU.Build.0 = Release|Any CPU
		{59239B18-FB67-4B94-BA45-651BD9756989}.Debug|Any CPU.ActiveCfg = Debug|Any CPU
		{59239B18-FB67-4B94-BA45-651BD9756989}.Debug|Any CPU.Build.0 = Debug|Any CPU
		{59239B18-FB67-4B94-BA45-651BD9756989}.Release|Any CPU.ActiveCfg = Release|Any CPU
		{59239B18-FB67-4B94-BA45-651BD9756989}.Release|Any CPU.Build.0 = Release|Any CPU
		{7D22B0B7-846B-4F48-AC48-AA222C6B76EE}.Debug|Any CPU.ActiveCfg = Debug|Any CPU
		{7D22B0B7-846B-4F48-AC48-AA222C6B76EE}.Debug|Any CPU.Build.0 = Debug|Any CPU
		{7D22B0B7-846B-4F48-AC48-AA222C6B76EE}.Release|Any CPU.ActiveCfg = Release|Any CPU
		{7D22B0B7-846B-4F48-AC48-AA222C6B76EE}.Release|Any CPU.Build.0 = Release|Any CPU
		{6E8154C6-B3B7-4099-8454-0853B6424131}.Debug|Any CPU.ActiveCfg = Debug|Any CPU
		{6E8154C6-B3B7-4099-8454-0853B6424131}.Debug|Any CPU.Build.0 = Debug|Any CPU
		{6E8154C6-B3B7-4099-8454-0853B6424131}.Release|Any CPU.ActiveCfg = Release|Any CPU
		{6E8154C6-B3B7-4099-8454-0853B6424131}.Release|Any CPU.Build.0 = Release|Any CPU
		{91557820-3C80-4EB9-BC86-C51E502B28E2}.Debug|Any CPU.ActiveCfg = Debug|Any CPU
		{91557820-3C80-4EB9-BC86-C51E502B28E2}.Debug|Any CPU.Build.0 = Debug|Any CPU
		{91557820-3C80-4EB9-BC86-C51E502B28E2}.Release|Any CPU.ActiveCfg = Release|Any CPU
		{91557820-3C80-4EB9-BC86-C51E502B28E2}.Release|Any CPU.Build.0 = Release|Any CPU
	EndGlobalSection
	GlobalSection(NestedProjects) = preSolution
		{31D758F7-501D-431B-8F04-08599233CBF6} = {6A527B2D-2097-4C94-81BC-09424705F4A8}
		{85E30058-5AD8-4F07-9B25-51E43B489488} = {6A527B2D-2097-4C94-81BC-09424705F4A8}
		{B02F568B-2745-49C4-A71E-ACB4CD02F945} = {6A527B2D-2097-4C94-81BC-09424705F4A8}
		{DC8FB08C-B038-4C90-89AC-DF2EEB2C4861} = {A4705EE1-4E04-4667-8B0E-2A9E9850035A}
		{17F28D6E-FE81-4940-83DD-57668F933AF1} = {A4705EE1-4E04-4667-8B0E-2A9E9850035A}
		{E3D21361-921F-465F-8C1B-8C3E3E1512CB} = {A4705EE1-4E04-4667-8B0E-2A9E9850035A}
		{59239B18-FB67-4B94-BA45-651BD9756989} = {6D03CB59-EDF3-4D3A-8333-A9A2538F7590}
		{7D22B0B7-846B-4F48-AC48-AA222C6B76EE} = {6A527B2D-2097-4C94-81BC-09424705F4A8}
		{6E8154C6-B3B7-4099-8454-0853B6424131} = {A4705EE1-4E04-4667-8B0E-2A9E9850035A}
		{91557820-3C80-4EB9-BC86-C51E502B28E2} = {6D03CB59-EDF3-4D3A-8333-A9A2538F7590}
	EndGlobalSection
EndGlobal
